
Microsoft Visual Studio Solution File, Format Version 12.00
# Visual Studio Version 17
VisualStudioVersion = 17.12.35707.178 d17.12
MinimumVisualStudioVersion = 10.0.40219.1
Project("{FAE04EC0-301F-11D3-BF4B-00C04F79EFBC}") = "Proyecto_Modularización", "Proyecto_Modularización\Proyecto_Modularización.csproj", "{75BA4769-4ABB-46F2-BC7F-E989DCF76328}"
EndProject
Global
	GlobalSection(SolutionConfigurationPlatforms) = preSolution
		Debug|Any CPU = Debug|Any CPU
		Release|Any CPU = Release|Any CPU
	EndGlobalSection
	GlobalSection(ProjectConfigurationPlatforms) = postSolution
		{75BA4769-4ABB-46F2-BC7F-E989DCF76328}.Debug|Any CPU.ActiveCfg = Debug|Any CPU
		{75BA4769-4ABB-46F2-BC7F-E989DCF76328}.Debug|Any CPU.Build.0 = Debug|Any CPU
		{75BA4769-4ABB-46F2-BC7F-E989DCF76328}.Release|Any CPU.ActiveCfg = Release|Any CPU
		{75BA4769-4ABB-46F2-BC7F-E989DCF76328}.Release|Any CPU.Build.0 = Release|Any CPU
	EndGlobalSection
	GlobalSection(SolutionProperties) = preSolution
		HideSolutionNode = FALSE
	EndGlobalSection
EndGlobal
